// !$*UTF8*$!
{
	archiveVersion = 1;
	classes = {
	};
	objectVersion = 46;
	objects = {

/* Begin PBXBuildFile section */
		29119B3219F3046C00EEDB6F /* AppDelegate.swift in Sources */ = {isa = PBXBuildFile; fileRef = 29119B3119F3046C00EEDB6F /* AppDelegate.swift */; };
		29119B3419F3046C00EEDB6F /* ViewController.swift in Sources */ = {isa = PBXBuildFile; fileRef = 29119B3319F3046C00EEDB6F /* ViewController.swift */; };
		29119B3719F3046C00EEDB6F /* Main.storyboard in Resources */ = {isa = PBXBuildFile; fileRef = 29119B3519F3046C00EEDB6F /* Main.storyboard */; };
		29119B3919F3046C00EEDB6F /* Images.xcassets in Resources */ = {isa = PBXBuildFile; fileRef = 29119B3819F3046C00EEDB6F /* Images.xcassets */; };
		29119B3C19F3046C00EEDB6F /* LaunchScreen.xib in Resources */ = {isa = PBXBuildFile; fileRef = 29119B3A19F3046C00EEDB6F /* LaunchScreen.xib */; };
		29119B4819F3046D00EEDB6F /* SlotMachineTests.swift in Sources */ = {isa = PBXBuildFile; fileRef = 29119B4719F3046D00EEDB6F /* SlotMachineTests.swift */; };
		294643AF19F59C2E008D4394 /* Slot.swift in Sources */ = {isa = PBXBuildFile; fileRef = 294643AE19F59C2E008D4394 /* Slot.swift */; };
		294643B119F59CF3008D4394 /* Factory.swift in Sources */ = {isa = PBXBuildFile; fileRef = 294643B019F59CF3008D4394 /* Factory.swift */; };
		294643B319F99123008D4394 /* SlotBrain.swift in Sources */ = {isa = PBXBuildFile; fileRef = 294643B219F99123008D4394 /* SlotBrain.swift */; };
/* End PBXBuildFile section */

/* Begin PBXContainerItemProxy section */
		29119B4219F3046D00EEDB6F /* PBXContainerItemProxy */ = {
			isa = PBXContainerItemProxy;
			containerPortal = 29119B2419F3046C00EEDB6F /* Project object */;
			proxyType = 1;
			remoteGlobalIDString = 29119B2B19F3046C00EEDB6F;
			remoteInfo = SlotMachine;
		};
/* End PBXContainerItemProxy section */

/* Begin PBXFileReference section */
		29119B2C19F3046C00EEDB6F /* SlotMachine.app */ = {isa = PBXFileReference; explicitFileType = wrapper.application; includeInIndex = 0; path = SlotMachine.app; sourceTree = BUILT_PRODUCTS_DIR; };
		29119B3019F3046C00EEDB6F /* Info.plist */ = {isa = PBXFileReference; lastKnownFileType = text.plist.xml; path = Info.plist; sourceTree = "<group>"; };
		29119B3119F3046C00EEDB6F /* AppDelegate.swift */ = {isa = PBXFileReference; lastKnownFileType = sourcecode.swift; path = AppDelegate.swift; sourceTree = "<group>"; };
		29119B3319F3046C00EEDB6F /* ViewController.swift */ = {isa = PBXFileReference; lastKnownFileType = sourcecode.swift; path = ViewController.swift; sourceTree = "<group>"; };
		29119B3619F3046C00EEDB6F /* Base */ = {isa = PBXFileReference; lastKnownFileType = file.storyboard; name = Base; path = Base.lproj/Main.storyboard; sourceTree = "<group>"; };
		29119B3819F3046C00EEDB6F /* Images.xcassets */ = {isa = PBXFileReference; lastKnownFileType = folder.assetcatalog; path = Images.xcassets; sourceTree = "<group>"; };
		29119B3B19F3046C00EEDB6F /* Base */ = {isa = PBXFileReference; lastKnownFileType = file.xib; name = Base; path = Base.lproj/LaunchScreen.xib; sourceTree = "<group>"; };
		29119B4119F3046D00EEDB6F /* SlotMachineTests.xctest */ = {isa = PBXFileReference; explicitFileType = wrapper.cfbundle; includeInIndex = 0; path = SlotMachineTests.xctest; sourceTree = BUILT_PRODUCTS_DIR; };
		29119B4619F3046D00EEDB6F /* Info.plist */ = {isa = PBXFileReference; lastKnownFileType = text.plist.xml; path = Info.plist; sourceTree = "<group>"; };
		29119B4719F3046D00EEDB6F /* SlotMachineTests.swift */ = {isa = PBXFileReference; lastKnownFileType = sourcecode.swift; path = SlotMachineTests.swift; sourceTree = "<group>"; };
		294643AE19F59C2E008D4394 /* Slot.swift */ = {isa = PBXFileReference; fileEncoding = 4; lastKnownFileType = sourcecode.swift; path = Slot.swift; sourceTree = "<group>"; };
		294643B019F59CF3008D4394 /* Factory.swift */ = {isa = PBXFileReference; fileEncoding = 4; lastKnownFileType = sourcecode.swift; path = Factory.swift; sourceTree = "<group>"; };
		294643B219F99123008D4394 /* SlotBrain.swift */ = {isa = PBXFileReference; fileEncoding = 4; lastKnownFileType = sourcecode.swift; path = SlotBrain.swift; sourceTree = "<group>"; };
/* End PBXFileReference section */

/* Begin PBXFrameworksBuildPhase section */
		29119B2919F3046C00EEDB6F /* Frameworks */ = {
			isa = PBXFrameworksBuildPhase;
			buildActionMask = 2147483647;
			files = (
			);
			runOnlyForDeploymentPostprocessing = 0;
		};
		29119B3E19F3046D00EEDB6F /* Frameworks */ = {
			isa = PBXFrameworksBuildPhase;
			buildActionMask = 2147483647;
			files = (
			);
			runOnlyForDeploymentPostprocessing = 0;
		};
/* End PBXFrameworksBuildPhase section */

/* Begin PBXGroup section */
		29119B2319F3046C00EEDB6F = {
			isa = PBXGroup;
			children = (
				29119B2E19F3046C00EEDB6F /* SlotMachine */,
				29119B4419F3046D00EEDB6F /* SlotMachineTests */,
				29119B2D19F3046C00EEDB6F /* Products */,
			);
			sourceTree = "<group>";
		};
		29119B2D19F3046C00EEDB6F /* Products */ = {
			isa = PBXGroup;
			children = (
				29119B2C19F3046C00EEDB6F /* SlotMachine.app */,
				29119B4119F3046D00EEDB6F /* SlotMachineTests.xctest */,
			);
			name = Products;
			sourceTree = "<group>";
		};
		29119B2E19F3046C00EEDB6F /* SlotMachine */ = {
			isa = PBXGroup;
			children = (
				29119B3119F3046C00EEDB6F /* AppDelegate.swift */,
				29119B3319F3046C00EEDB6F /* ViewController.swift */,
				294643AE19F59C2E008D4394 /* Slot.swift */,
				294643B019F59CF3008D4394 /* Factory.swift */,
				294643B219F99123008D4394 /* SlotBrain.swift */,
				29119B3519F3046C00EEDB6F /* Main.storyboard */,
				29119B3819F3046C00EEDB6F /* Images.xcassets */,
				29119B3A19F3046C00EEDB6F /* LaunchScreen.xib */,
				29119B2F19F3046C00EEDB6F /* Supporting Files */,
			);
			path = SlotMachine;
			sourceTree = "<group>";
		};
		29119B2F19F3046C00EEDB6F /* Supporting Files */ = {
			isa = PBXGroup;
			children = (
				29119B3019F3046C00EEDB6F /* Info.plist */,
			);
			name = "Supporting Files";
			sourceTree = "<group>";
		};
		29119B4419F3046D00EEDB6F /* SlotMachineTests */ = {
			isa = PBXGroup;
			children = (
				29119B4719F3046D00EEDB6F /* SlotMachineTests.swift */,
				29119B4519F3046D00EEDB6F /* Supporting Files */,
			);
			path = SlotMachineTests;
			sourceTree = "<group>";
		};
		29119B4519F3046D00EEDB6F /* Supporting Files */ = {
			isa = PBXGroup;
			children = (
				29119B4619F3046D00EEDB6F /* Info.plist */,
			);
			name = "Supporting Files";
			sourceTree = "<group>";
		};
/* End PBXGroup section */

/* Begin PBXNativeTarget section */
		29119B2B19F3046C00EEDB6F /* SlotMachine */ = {
			isa = PBXNativeTarget;
			buildConfigurationList = 29119B4B19F3046D00EEDB6F /* Build configuration list for PBXNativeTarget "SlotMachine" */;
			buildPhases = (
				29119B2819F3046C00EEDB6F /* Sources */,
				29119B2919F3046C00EEDB6F /* Frameworks */,
				29119B2A19F3046C00EEDB6F /* Resources */,
			);
			buildRules = (
			);
			dependencies = (
			);
			name = SlotMachine;
			productName = SlotMachine;
			productReference = 29119B2C19F3046C00EEDB6F /* SlotMachine.app */;
			productType = "com.apple.product-type.application";
		};
		29119B4019F3046D00EEDB6F /* SlotMachineTests */ = {
			isa = PBXNativeTarget;
			buildConfigurationList = 29119B4E19F3046D00EEDB6F /* Build configuration list for PBXNativeTarget "SlotMachineTests" */;
			buildPhases = (
				29119B3D19F3046D00EEDB6F /* Sources */,
				29119B3E19F3046D00EEDB6F /* Frameworks */,
				29119B3F19F3046D00EEDB6F /* Resources */,
			);
			buildRules = (
			);
			dependencies = (
				29119B4319F3046D00EEDB6F /* PBXTargetDependency */,
			);
			name = SlotMachineTests;
			productName = SlotMachineTests;
			productReference = 29119B4119F3046D00EEDB6F /* SlotMachineTests.xctest */;
			productType = "com.apple.product-type.bundle.unit-test";
		};
/* End PBXNativeTarget section */

/* Begin PBXProject section */
		29119B2419F3046C00EEDB6F /* Project object */ = {
			isa = PBXProject;
			attributes = {
				LastUpgradeCheck = 0600;
				ORGANIZATIONNAME = "PJ Games";
				TargetAttributes = {
					29119B2B19F3046C00EEDB6F = {
						CreatedOnToolsVersion = 6.0.1;
					};
					29119B4019F3046D00EEDB6F = {
						CreatedOnToolsVersion = 6.0.1;
						TestTargetID = 29119B2B19F3046C00EEDB6F;
					};
				};
			};
			buildConfigurationList = 29119B2719F3046C00EEDB6F /* Build configuration list for PBXProject "SlotMachine" */;
			compatibilityVersion = "Xcode 3.2";
			developmentRegion = English;
			hasScannedForEncodings = 0;
			knownRegions = (
				en,
				Base,
			);
			mainGroup = 29119B2319F3046C00EEDB6F;
			productRefGroup = 29119B2D19F3046C00EEDB6F /* Products */;
			projectDirPath = "";
			projectRoot = "";
			targets = (
				29119B2B19F3046C00EEDB6F /* SlotMachine */,
				29119B4019F3046D00EEDB6F /* SlotMachineTests */,
			);
		};
/* End PBXProject section */

/* Begin PBXResourcesBuildPhase section */
		29119B2A19F3046C00EEDB6F /* Resources */ = {
			isa = PBXResourcesBuildPhase;
			buildActionMask = 2147483647;
			files = (
				29119B3719F3046C00EEDB6F /* Main.storyboard in Resources */,
				29119B3C19F3046C00EEDB6F /* LaunchScreen.xib in Resources */,
				29119B3919F3046C00EEDB6F /* Images.xcassets in Resources */,
			);
			runOnlyForDeploymentPostprocessing = 0;
		};
		29119B3F19F3046D00EEDB6F /* Resources */ = {
			isa = PBXResourcesBuildPhase;
			buildActionMask = 2147483647;
			files = (
			);
			runOnlyForDeploymentPostprocessing = 0;
		};
/* End PBXResourcesBuildPhase section */

/* Begin PBXSourcesBuildPhase section */
		29119B2819F3046C00EEDB6F /* Sources */ = {
			isa = PBXSourcesBuildPhase;
			buildActionMask = 2147483647;
			files = (
				294643B119F59CF3008D4394 /* Factory.swift in Sources */,
				29119B3419F3046C00EEDB6F /* ViewController.swift in Sources */,
				294643AF19F59C2E008D4394 /* Slot.swift in Sources */,
				29119B3219F3046C00EEDB6F /* AppDelegate.swift in Sources */,
				294643B319F99123008D4394 /* SlotBrain.swift in Sources */,
			);
			runOnlyForDeploymentPostprocessing = 0;
		};
		29119B3D19F3046D00EEDB6F /* Sources */ = {
			isa = PBXSourcesBuildPhase;
			buildActionMask = 2147483647;
			files = (
				29119B4819F3046D00EEDB6F /* SlotMachineTests.swift in Sources */,
			);
			runOnlyForDeploymentPostprocessing = 0;
		};
/* End PBXSourcesBuildPhase section */

/* Begin PBXTargetDependency section */
		29119B4319F3046D00EEDB6F /* PBXTargetDependency */ = {
			isa = PBXTargetDependency;
			target = 29119B2B19F3046C00EEDB6F /* SlotMachine */;
			targetProxy = 29119B4219F3046D00EEDB6F /* PBXContainerItemProxy */;
		};
/* End PBXTargetDependency section */

/* Begin PBXVariantGroup section */
		29119B3519F3046C00EEDB6F /* Main.storyboard */ = {
			isa = PBXVariantGroup;
			children = (
				29119B3619F3046C00EEDB6F /* Base */,
			);
			name = Main.storyboard;
			sourceTree = "<group>";
		};
		29119B3A19F3046C00EEDB6F /* LaunchScreen.xib */ = {
			isa = PBXVariantGroup;
			children = (
				29119B3B19F3046C00EEDB6F /* Base */,
			);
			name = LaunchScreen.xib;
			sourceTree = "<group>";
		};
/* End PBXVariantGroup section */

/* Begin XCBuildConfiguration section */
		29119B4919F3046D00EEDB6F /* Debug */ = {
			isa = XCBuildConfiguration;
			buildSettings = {
				ALWAYS_SEARCH_USER_PATHS = NO;
				CLANG_CXX_LANGUAGE_STANDARD = "gnu++0x";
				CLANG_CXX_LIBRARY = "libc++";
				CLANG_ENABLE_MODULES = YES;
				CLANG_ENABLE_OBJC_ARC = YES;
				CLANG_WARN_BOOL_CONVERSION = YES;
				CLANG_WARN_CONSTANT_CONVERSION = YES;
				CLANG_WARN_DIRECT_OBJC_ISA_USAGE = YES_ERROR;
				CLANG_WARN_EMPTY_BODY = YES;
				CLANG_WARN_ENUM_CONVERSION = YES;
				CLANG_WARN_INT_CONVERSION = YES;
				CLANG_WARN_OBJC_ROOT_CLASS = YES_ERROR;
				CLANG_WARN_UNREACHABLE_CODE = YES;
				CLANG_WARN__DUPLICATE_METHOD_MATCH = YES;
				"CODE_SIGN_IDENTITY[sdk=iphoneos*]" = "iPhone Developer";
				COPY_PHASE_STRIP = NO;
				ENABLE_STRICT_OBJC_MSGSEND = YES;
				GCC_C_LANGUAGE_STANDARD = gnu99;
				GCC_DYNAMIC_NO_PIC = NO;
				GCC_OPTIMIZATION_LEVEL = 0;
				GCC_PREPROCESSOR_DEFINITIONS = (
					"DEBUG=1",
					"$(inherited)",
				);
				GCC_SYMBOLS_PRIVATE_EXTERN = NO;
				GCC_WARN_64_TO_32_BIT_CONVERSION = YES;
				GCC_WARN_ABOUT_RETURN_TYPE = YES_ERROR;
				GCC_WARN_UNDECLARED_SELECTOR = YES;
				GCC_WARN_UNINITIALIZED_AUTOS = YES_AGGRESSIVE;
				GCC_WARN_UNUSED_FUNCTION = YES;
				GCC_WARN_UNUSED_VARIABLE = YES;
				IPHONEOS_DEPLOYMENT_TARGET = 8.0;
				MTL_ENABLE_DEBUG_INFO = YES;
				ONLY_ACTIVE_ARCH = YES;
				SDKROOT = iphoneos;
				SWIFT_OPTIMIZATION_LEVEL = "-Onone";
				TARGETED_DEVICE_FAMILY = "1,2";
			};
			name = Debug;
		};
		29119B4A19F3046D00EEDB6F /* Release */ = {
			isa = XCBuildConfiguration;
			buildSettings = {
				ALWAYS_SEARCH_USER_PATHS = NO;
				CLANG_CXX_LANGUAGE_STANDARD = "gnu++0x";
				CLANG_CXX_LIBRARY = "libc++";
				CLANG_ENABLE_MODULES = YES;
				CLANG_ENABLE_OBJC_ARC = YES;
				CLANG_WARN_BOOL_CONVERSION = YES;
				CLANG_WARN_CONSTANT_CONVERSION = YES;
				CLANG_WARN_DIRECT_OBJC_ISA_USAGE = YES_ERROR;
				CLANG_WARN_EMPTY_BODY = YES;
				CLANG_WARN_ENUM_CONVERSION = YES;
				CLANG_WARN_INT_CONVERSION = YES;
				CLANG_WARN_OBJC_ROOT_CLASS = YES_ERROR;
				CLANG_WARN_UNREACHABLE_CODE = YES;
				CLANG_WARN__DUPLICATE_METHOD_MATCH = YES;
				"CODE_SIGN_IDENTITY[sdk=iphoneos*]" = "iPhone Developer";
				COPY_PHASE_STRIP = YES;
				ENABLE_NS_ASSERTIONS = NO;
				ENABLE_STRICT_OBJC_MSGSEND = YES;
				GCC_C_LANGUAGE_STANDARD = gnu99;
				GCC_WARN_64_TO_32_BIT_CONVERSION = YES;
				GCC_WARN_ABOUT_RETURN_TYPE = YES_ERROR;
				GCC_WARN_UNDECLARED_SELECTOR = YES;
				GCC_WARN_UNINITIALIZED_AUTOS = YES_AGGRESSIVE;
				GCC_WARN_UNUSED_FUNCTION = YES;
				GCC_WARN_UNUSED_VARIABLE = YES;
				IPHONEOS_DEPLOYMENT_TARGET = 8.0;
				MTL_ENABLE_DEBUG_INFO = NO;
				SDKROOT = iphoneos;
				TARGETED_DEVICE_FAMILY = "1,2";
				VALIDATE_PRODUCT = YES;
			};
			name = Release;
		};
		29119B4C19F3046D00EEDB6F /* Debug */ = {
			isa = XCBuildConfiguration;
			buildSettings = {
				ASSETCATALOG_COMPILER_APPICON_NAME = AppIcon;
				INFOPLIST_FILE = SlotMachine/Info.plist;
				LD_RUNPATH_SEARCH_PATHS = "$(inherited) @executable_path/Frameworks";
				PRODUCT_NAME = "$(TARGET_NAME)";
			};
			name = Debug;
		};
		29119B4D19F3046D00EEDB6F /* Release */ = {
			isa = XCBuildConfiguration;
			buildSettings = {
				ASSETCATALOG_COMPILER_APPICON_NAME = AppIcon;
				INFOPLIST_FILE = SlotMachine/Info.plist;
				LD_RUNPATH_SEARCH_PATHS = "$(inherited) @executable_path/Frameworks";
				PRODUCT_NAME = "$(TARGET_NAME)";
			};
			name = Release;
		};
		29119B4F19F3046D00EEDB6F /* Debug */ = {
			isa = XCBuildConfiguration;
			buildSettings = {
				BUNDLE_LOADER = "$(TEST_HOST)";
				FRAMEWORK_SEARCH_PATHS = (
					"$(SDKROOT)/Developer/Library/Frameworks",
					"$(inherited)",
				);
				GCC_PREPROCESSOR_DEFINITIONS = (
					"DEBUG=1",
					"$(inherited)",
				);
				INFOPLIST_FILE = SlotMachineTests/Info.plist;
				LD_RUNPATH_SEARCH_PATHS = "$(inherited) @executable_path/Frameworks @loader_path/Frameworks";
				PRODUCT_NAME = "$(TARGET_NAME)";
				TEST_HOST = "$(BUILT_PRODUCTS_DIR)/SlotMachine.app/SlotMachine";
			};
			name = Debug;
		};
		29119B5019F3046D00EEDB6F /* Release */ = {
			isa = XCBuildConfiguration;
			buildSettings = {
				BUNDLE_LOADER = "$(TEST_HOST)";
				FRAMEWORK_SEARCH_PATHS = (
					"$(SDKROOT)/Developer/Library/Frameworks",
					"$(inherited)",
				);
				INFOPLIST_FILE = SlotMachineTests/Info.plist;
				LD_RUNPATH_SEARCH_PATHS = "$(inherited) @executable_path/Frameworks @loader_path/Frameworks";
				PRODUCT_NAME = "$(TARGET_NAME)";
				TEST_HOST = "$(BUILT_PRODUCTS_DIR)/SlotMachine.app/SlotMachine";
			};
			name = Release;
		};
/* End XCBuildConfiguration section */

/* Begin XCConfigurationList section */
		29119B2719F3046C00EEDB6F /* Build configuration list for PBXProject "SlotMachine" */ = {
			isa = XCConfigurationList;
			buildConfigurations = (
				29119B4919F3046D00EEDB6F /* Debug */,
				29119B4A19F3046D00EEDB6F /* Release */,
			);
			defaultConfigurationIsVisible = 0;
			defaultConfigurationName = Release;
		};
		29119B4B19F3046D00EEDB6F /* Build configuration list for PBXNativeTarget "SlotMachine" */ = {
			isa = XCConfigurationList;
			buildConfigurations = (
				29119B4C19F3046D00EEDB6F /* Debug */,
				29119B4D19F3046D00EEDB6F /* Release */,
			);
			defaultConfigurationIsVisible = 0;
			defaultConfigurationName = Release;
		};
		29119B4E19F3046D00EEDB6F /* Build configuration list for PBXNativeTarget "SlotMachineTests" */ = {
			isa = XCConfigurationList;
			buildConfigurations = (
				29119B4F19F3046D00EEDB6F /* Debug */,
				29119B5019F3046D00EEDB6F /* Release */,
			);
			defaultConfigurationIsVisible = 0;
			defaultConfigurationName = Release;
		};
/* End XCConfigurationList section */
	};
	rootObject = 29119B2419F3046C00EEDB6F /* Project object */;
}
